
Microsoft Visual Studio Solution File, Format Version 12.00
# Visual Studio Version 17
VisualStudioVersion = 17.7.34031.279
MinimumVisualStudioVersion = 10.0.40219.1
Project("{FAE04EC0-301F-11D3-BF4B-00C04F79EFBC}") = "Editor", "Editor\Editor.csproj", "{EA997881-0744-4719-AA2E-D575346DDD99}"
EndProject
Project("{54435603-DBB4-11D2-8724-00A0C9A8B90C}") = "Editor de Texto", "Editor de Texto\Editor de Texto.vdproj", "{48FC0628-428D-40DA-80E1-944F0EA12685}"
EndProject
Global
	GlobalSection(SolutionConfigurationPlatforms) = preSolution
		Debug|Any CPU = Debug|Any CPU
		Release|Any CPU = Release|Any CPU
	EndGlobalSection
	GlobalSection(ProjectConfigurationPlatforms) = postSolution
		{EA997881-0744-4719-AA2E-D575346DDD99}.Debug|Any CPU.ActiveCfg = Debug|Any CPU
		{EA997881-0744-4719-AA2E-D575346DDD99}.Debug|Any CPU.Build.0 = Debug|Any CPU
		{EA997881-0744-4719-AA2E-D575346DDD99}.Release|Any CPU.ActiveCfg = Release|Any CPU
		{EA997881-0744-4719-AA2E-D575346DDD99}.Release|Any CPU.Build.0 = Release|Any CPU
		{48FC0628-428D-40DA-80E1-944F0EA12685}.Debug|Any CPU.ActiveCfg = Debug
		{48FC0628-428D-40DA-80E1-944F0EA12685}.Release|Any CPU.ActiveCfg = Release
	EndGlobalSection
	GlobalSection(SolutionProperties) = preSolution
		HideSolutionNode = FALSE
	EndGlobalSection
	GlobalSection(ExtensibilityGlobals) = postSolution
		SolutionGuid = {6C087A47-A966-4E82-A8ED-D4B82B2BB0CC}
	EndGlobalSection
EndGlobal
